
Microsoft Visual Studio Solution File, Format Version 12.00
# Visual Studio Version 16
VisualStudioVersion = 16.0.31702.278
MinimumVisualStudioVersion = 10.0.40219.1
Project("{FAE04EC0-301F-11D3-BF4B-00C04F79EFBC}") = "Tictactoe", "Tictactoe\Tictactoe.csproj", "{2460ECD3-EF0C-4CE1-B675-2E20E2F625AE}"
EndProject
Global
	GlobalSection(SolutionConfigurationPlatforms) = preSolution
		Debug|Any CPU = Debug|Any CPU
		Release|Any CPU = Release|Any CPU
	EndGlobalSection
	GlobalSection(ProjectConfigurationPlatforms) = postSolution
		{2460ECD3-EF0C-4CE1-B675-2E20E2F625AE}.Debug|Any CPU.ActiveCfg = Debug|Any CPU
		{2460ECD3-EF0C-4CE1-B675-2E20E2F625AE}.Debug|Any CPU.Build.0 = Debug|Any CPU
		{2460ECD3-EF0C-4CE1-B675-2E20E2F625AE}.Release|Any CPU.ActiveCfg = Release|Any CPU
		{2460ECD3-EF0C-4CE1-B675-2E20E2F625AE}.Release|Any CPU.Build.0 = Release|Any CPU
	EndGlobalSection
	GlobalSection(SolutionProperties) = preSolution
		HideSolutionNode = FALSE
	EndGlobalSection
	GlobalSection(ExtensibilityGlobals) = postSolution
		SolutionGuid = {F9D6AFF2-06DE-404F-8914-DFDD85FFA9D7}
	EndGlobalSection
EndGlobal
